// !$*UTF8*$!
{
	archiveVersion = 1;
	classes = {
	};
	objectVersion = 46;
	objects = {

/* Begin PBXBuildFile section */
		1B9CE3E8A357CD51DB730827 /* Constants.swift in Sources */ = {isa = PBXBuildFile; fileRef = 1B9CE1D4FB6A038AF2D7AAD6 /* Constants.swift */; };
		1B9CE608DDBFCDA8EE8E78B3 /* XMPPService.swift in Sources */ = {isa = PBXBuildFile; fileRef = 1B9CE8C2FE02512F6F35A153 /* XMPPService.swift */; };
		1B9CEB293029B3CA00B2797C /* Async.swift in Sources */ = {isa = PBXBuildFile; fileRef = 1B9CEE337FAA5E2BE4A6D0DC /* Async.swift */; };
		F80374471BD52EAB00B9266A /* DialogUtils.swift in Sources */ = {isa = PBXBuildFile; fileRef = F80374461BD52EAB00B9266A /* DialogUtils.swift */; };
		F80D2A6B1BE1F79E00459E96 /* Theme.swift in Sources */ = {isa = PBXBuildFile; fileRef = F80D2A6A1BE1F79E00459E96 /* Theme.swift */; };
		F822E50E1BF194A800C45C8F /* ChatOccupantViewController.swift in Sources */ = {isa = PBXBuildFile; fileRef = F822E50D1BF194A800C45C8F /* ChatOccupantViewController.swift */; };
		F822E5101BF1ADFB00C45C8F /* PopupSegue.swift in Sources */ = {isa = PBXBuildFile; fileRef = F822E50F1BF1ADFB00C45C8F /* PopupSegue.swift */; };
		F83FB1E81BDFC8AA00FBDCCA /* ChatViewController.swift in Sources */ = {isa = PBXBuildFile; fileRef = F83FB1E21BDFC8AA00FBDCCA /* ChatViewController.swift */; };
		F83FB1E91BDFC8AA00FBDCCA /* LoginViewController.swift in Sources */ = {isa = PBXBuildFile; fileRef = F83FB1E31BDFC8AA00FBDCCA /* LoginViewController.swift */; };
		F83FB1EA1BDFC8AA00FBDCCA /* MainTabBarController.swift in Sources */ = {isa = PBXBuildFile; fileRef = F83FB1E41BDFC8AA00FBDCCA /* MainTabBarController.swift */; };
		F83FB1EB1BDFC8AA00FBDCCA /* MoreViewController.swift in Sources */ = {isa = PBXBuildFile; fileRef = F83FB1E51BDFC8AA00FBDCCA /* MoreViewController.swift */; };
		F83FB1EC1BDFC8AA00FBDCCA /* RecentChatViewController.swift in Sources */ = {isa = PBXBuildFile; fileRef = F83FB1E61BDFC8AA00FBDCCA /* RecentChatViewController.swift */; };
		F83FB1ED1BDFC8AA00FBDCCA /* RosterTableViewController.swift in Sources */ = {isa = PBXBuildFile; fileRef = F83FB1E71BDFC8AA00FBDCCA /* RosterTableViewController.swift */; };
		F83FB20E1BDFC96F00FBDCCA /* Main.storyboard in Resources */ = {isa = PBXBuildFile; fileRef = F83FB20B1BDFC96F00FBDCCA /* Main.storyboard */; };
		F840B1091BF3CB5900E0FE89 /* GroupChatTitleView.swift in Sources */ = {isa = PBXBuildFile; fileRef = F840B1081BF3CB5900E0FE89 /* GroupChatTitleView.swift */; };
		F84521921C062B600021427B /* MainViewController.swift in Sources */ = {isa = PBXBuildFile; fileRef = F84521911C062B600021427B /* MainViewController.swift */; };
		F84CB8F11BD78DD60054801F /* NotificationUtils.swift in Sources */ = {isa = PBXBuildFile; fileRef = F84CB8F01BD78DD60054801F /* NotificationUtils.swift */; };
		F84FA1201C01A06B0042CD99 /* Localize.swift in Sources */ = {isa = PBXBuildFile; fileRef = F84FA11F1C01A06B0042CD99 /* Localize.swift */; };
		F84FA1261C01EBFE0042CD99 /* Localizable.strings in Resources */ = {isa = PBXBuildFile; fileRef = F84FA1241C01EBFE0042CD99 /* Localizable.strings */; };
		F84FA12A1C02567C0042CD99 /* TransitionSegue.swift in Sources */ = {isa = PBXBuildFile; fileRef = F84FA1291C02567C0042CD99 /* TransitionSegue.swift */; };
		F8524ADD1BFDA4F700671D32 /* TKTransitionSubmitButton.swift in Sources */ = {isa = PBXBuildFile; fileRef = F8524ADC1BFDA4F700671D32 /* TKTransitionSubmitButton.swift */; };
		F863677F1BE6953E0075B08B /* SummonerDialogViewController.swift in Sources */ = {isa = PBXBuildFile; fileRef = F863677E1BE6953E0075B08B /* SummonerDialogViewController.swift */; };
		F86D4C751BCCF45C009E9083 /* RosterService.swift in Sources */ = {isa = PBXBuildFile; fileRef = F86D4C741BCCF45C009E9083 /* RosterService.swift */; };
		F8803C191BDB6C59005AC9CA /* NavigationUtils.swift in Sources */ = {isa = PBXBuildFile; fileRef = F8803C181BDB6C59005AC9CA /* NavigationUtils.swift */; };
		F88589501BEDD6CE00B39BED /* RiotAPIClient.swift in Sources */ = {isa = PBXBuildFile; fileRef = F885894F1BEDD6CE00B39BED /* RiotAPIClient.swift */; };
		F88589681BEF30FA00B39BED /* LaunchScreen.storyboard in Resources */ = {isa = PBXBuildFile; fileRef = F88589661BEF30FA00B39BED /* LaunchScreen.storyboard */; };
		F88670A91C04043000F8B3E3 /* LeagueLocale.swift in Sources */ = {isa = PBXBuildFile; fileRef = F88670A81C04043000F8B3E3 /* LeagueLocale.swift */; };
		F88676581BCF5F79006C6B6A /* RealmExtensions.swift in Sources */ = {isa = PBXBuildFile; fileRef = F88676571BCF5F79006C6B6A /* RealmExtensions.swift */; };
		F886765A1BCF6313006C6B6A /* ChatService.swift in Sources */ = {isa = PBXBuildFile; fileRef = F88676591BCF6313006C6B6A /* ChatService.swift */; };
		F8893D821BDCA97D0086DBED /* StoredProperties.swift in Sources */ = {isa = PBXBuildFile; fileRef = F8893D811BDCA97D0086DBED /* StoredProperties.swift */; };
		F891A01F1BF20A840043DC62 /* Weak.swift in Sources */ = {isa = PBXBuildFile; fileRef = F891A01E1BF20A840043DC62 /* Weak.swift */; };
		F894016A1BDFDAEA00635D36 /* LeagueChat.swift in Sources */ = {isa = PBXBuildFile; fileRef = F894015D1BDFDAEA00635D36 /* LeagueChat.swift */; };
		F894016B1BDFDAEA00635D36 /* LeagueMessage.swift in Sources */ = {isa = PBXBuildFile; fileRef = F894015E1BDFDAEA00635D36 /* LeagueMessage.swift */; };
		F894016C1BDFDAEA00635D36 /* LeagueRoster.swift in Sources */ = {isa = PBXBuildFile; fileRef = F894015F1BDFDAEA00635D36 /* LeagueRoster.swift */; };
		F894016D1BDFDAEA00635D36 /* LeagueServer.swift in Sources */ = {isa = PBXBuildFile; fileRef = F89401601BDFDAEA00635D36 /* LeagueServer.swift */; };
		F894016E1BDFDAEA00635D36 /* ChatTableCell.swift in Sources */ = {isa = PBXBuildFile; fileRef = F89401621BDFDAEA00635D36 /* ChatTableCell.swift */; };
		F894016F1BDFDAEA00635D36 /* FloatLabelCell.swift in Sources */ = {isa = PBXBuildFile; fileRef = F89401631BDFDAEA00635D36 /* FloatLabelCell.swift */; };
		F89401701BDFDAEA00635D36 /* FloatLabelTextField.swift in Sources */ = {isa = PBXBuildFile; fileRef = F89401641BDFDAEA00635D36 /* FloatLabelTextField.swift */; };
		F89401711BDFDAEA00635D36 /* IconLabel.swift in Sources */ = {isa = PBXBuildFile; fileRef = F89401651BDFDAEA00635D36 /* IconLabel.swift */; };
		F89401721BDFDAEA00635D36 /* RecentChatTableCell.swift in Sources */ = {isa = PBXBuildFile; fileRef = F89401661BDFDAEA00635D36 /* RecentChatTableCell.swift */; };
		F89401731BDFDAEA00635D36 /* RosterTableCell.swift in Sources */ = {isa = PBXBuildFile; fileRef = F89401671BDFDAEA00635D36 /* RosterTableCell.swift */; };
		F89401741BDFDAEA00635D36 /* YUTableView.swift in Sources */ = {isa = PBXBuildFile; fileRef = F89401681BDFDAEA00635D36 /* YUTableView.swift */; };
		F89401751BDFDAEA00635D36 /* YUTableViewNode.swift in Sources */ = {isa = PBXBuildFile; fileRef = F89401691BDFDAEA00635D36 /* YUTableViewNode.swift */; };
		F89AB8C51BE25E9400B4571D /* Banner.swift in Sources */ = {isa = PBXBuildFile; fileRef = F89AB8C41BE25E9400B4571D /* Banner.swift */; };
		F8A489081BC50E1C00D7409B /* MulticastDelegate.swift in Sources */ = {isa = PBXBuildFile; fileRef = F8A489071BC50E1C00D7409B /* MulticastDelegate.swift */; };
		F8B55C5F1BB532FB005C759D /* AppDelegate.swift in Sources */ = {isa = PBXBuildFile; fileRef = F8B55C5E1BB532FB005C759D /* AppDelegate.swift */; };
		F8B55C771BB532FB005C759D /* LoLMessengerTests.swift in Sources */ = {isa = PBXBuildFile; fileRef = F8B55C761BB532FB005C759D /* LoLMessengerTests.swift */; };
		F8D63D101BEA38F000BB8DEB /* UIExtensions.swift in Sources */ = {isa = PBXBuildFile; fileRef = F8D63D0F1BEA38F000BB8DEB /* UIExtensions.swift */; };
		F8E0CD601BFC32AD00E64FDF /* Assets.xcassets in Resources */ = {isa = PBXBuildFile; fileRef = F8E0CD5F1BFC32AD00E64FDF /* Assets.xcassets */; };
		F8E0CD621BFC563E00E64FDF /* XMPPRoomLeagueRosterStorage.swift in Sources */ = {isa = PBXBuildFile; fileRef = F8E0CD611BFC563E00E64FDF /* XMPPRoomLeagueRosterStorage.swift */; };
		F8E0CD641BFC67EF00E64FDF /* LeagueAssetManager.swift in Sources */ = {isa = PBXBuildFile; fileRef = F8E0CD631BFC67EF00E64FDF /* LeagueAssetManager.swift */; };
		F8E22BD11BBE5C1900C03773 /* StringExtenisions.swift in Sources */ = {isa = PBXBuildFile; fileRef = F8E22BD01BBE5C1900C03773 /* StringExtenisions.swift */; };
		F8E22BD31BBE668700C03773 /* XMPPExtensions.swift in Sources */ = {isa = PBXBuildFile; fileRef = F8E22BD21BBE668700C03773 /* XMPPExtensions.swift */; };
		F8E8C0A01BF0C55B00024462 /* DigestExtensions.swift in Sources */ = {isa = PBXBuildFile; fileRef = F8E8C09F1BF0C55B00024462 /* DigestExtensions.swift */; };
		F8E8C0A51BF0EE2300024462 /* SideMenuController.swift in Sources */ = {isa = PBXBuildFile; fileRef = F8E8C0A41BF0EE2300024462 /* SideMenuController.swift */; };
		F8E8C0A71BF1748900024462 /* ReconnectViewController.swift in Sources */ = {isa = PBXBuildFile; fileRef = F8E8C0A61BF1748900024462 /* ReconnectViewController.swift */; };
		F9E675E5A379D862BAA1C8FB /* Pods_LoLMessenger.framework in Frameworks */ = {isa = PBXBuildFile; fileRef = 3028A8E268985713BD4AA7F3 /* Pods_LoLMessenger.framework */; };
/* End PBXBuildFile section */

/* Begin PBXContainerItemProxy section */
		F8B55C731BB532FB005C759D /* PBXContainerItemProxy */ = {
			isa = PBXContainerItemProxy;
			containerPortal = F8B55C531BB532FB005C759D /* Project object */;
			proxyType = 1;
			remoteGlobalIDString = F8B55C5A1BB532FB005C759D;
			remoteInfo = LoLMessenger;
		};
/* End PBXContainerItemProxy section */

/* Begin PBXFileReference section */
		1B9CE1D4FB6A038AF2D7AAD6 /* Constants.swift */ = {isa = PBXFileReference; fileEncoding = 4; lastKnownFileType = sourcecode.swift; path = Constants.swift; sourceTree = "<group>"; };
		1B9CE8C2FE02512F6F35A153 /* XMPPService.swift */ = {isa = PBXFileReference; fileEncoding = 4; lastKnownFileType = sourcecode.swift; path = XMPPService.swift; sourceTree = "<group>"; };
		1B9CEE337FAA5E2BE4A6D0DC /* Async.swift */ = {isa = PBXFileReference; fileEncoding = 4; lastKnownFileType = sourcecode.swift; path = Async.swift; sourceTree = "<group>"; };
		3028A8E268985713BD4AA7F3 /* Pods_LoLMessenger.framework */ = {isa = PBXFileReference; explicitFileType = wrapper.framework; includeInIndex = 0; path = Pods_LoLMessenger.framework; sourceTree = BUILT_PRODUCTS_DIR; };
		49A21C54AEC7E793FE451994 /* Pods-LoLMessengerTests.debug.xcconfig */ = {isa = PBXFileReference; includeInIndex = 1; lastKnownFileType = text.xcconfig; name = "Pods-LoLMessengerTests.debug.xcconfig"; path = "Pods/Target Support Files/Pods-LoLMessengerTests/Pods-LoLMessengerTests.debug.xcconfig"; sourceTree = "<group>"; };
		4AE9F9946202EDD8EE130054 /* Pods-LoLMessengerTests.release.xcconfig */ = {isa = PBXFileReference; includeInIndex = 1; lastKnownFileType = text.xcconfig; name = "Pods-LoLMessengerTests.release.xcconfig"; path = "Pods/Target Support Files/Pods-LoLMessengerTests/Pods-LoLMessengerTests.release.xcconfig"; sourceTree = "<group>"; };
		A8C4616684FFF044C582023E /* Pods-LoLMessenger.debug.xcconfig */ = {isa = PBXFileReference; includeInIndex = 1; lastKnownFileType = text.xcconfig; name = "Pods-LoLMessenger.debug.xcconfig"; path = "Pods/Target Support Files/Pods-LoLMessenger/Pods-LoLMessenger.debug.xcconfig"; sourceTree = "<group>"; };
		D0646A8FBEC4EA1E04044FDE /* Pods-LoLMessenger.release.xcconfig */ = {isa = PBXFileReference; includeInIndex = 1; lastKnownFileType = text.xcconfig; name = "Pods-LoLMessenger.release.xcconfig"; path = "Pods/Target Support Files/Pods-LoLMessenger/Pods-LoLMessenger.release.xcconfig"; sourceTree = "<group>"; };
		F80374461BD52EAB00B9266A /* DialogUtils.swift */ = {isa = PBXFileReference; fileEncoding = 4; lastKnownFileType = sourcecode.swift; path = DialogUtils.swift; sourceTree = "<group>"; };
		F80D2A6A1BE1F79E00459E96 /* Theme.swift */ = {isa = PBXFileReference; fileEncoding = 4; lastKnownFileType = sourcecode.swift; path = Theme.swift; sourceTree = "<group>"; };
		F822E50D1BF194A800C45C8F /* ChatOccupantViewController.swift */ = {isa = PBXFileReference; fileEncoding = 4; lastKnownFileType = sourcecode.swift; path = ChatOccupantViewController.swift; sourceTree = "<group>"; };
		F822E50F1BF1ADFB00C45C8F /* PopupSegue.swift */ = {isa = PBXFileReference; fileEncoding = 4; lastKnownFileType = sourcecode.swift; path = PopupSegue.swift; sourceTree = "<group>"; };
		F83FB1E21BDFC8AA00FBDCCA /* ChatViewController.swift */ = {isa = PBXFileReference; fileEncoding = 4; lastKnownFileType = sourcecode.swift; path = ChatViewController.swift; sourceTree = "<group>"; };
		F83FB1E31BDFC8AA00FBDCCA /* LoginViewController.swift */ = {isa = PBXFileReference; fileEncoding = 4; lastKnownFileType = sourcecode.swift; path = LoginViewController.swift; sourceTree = "<group>"; };
		F83FB1E41BDFC8AA00FBDCCA /* MainTabBarController.swift */ = {isa = PBXFileReference; fileEncoding = 4; lastKnownFileType = sourcecode.swift; path = MainTabBarController.swift; sourceTree = "<group>"; };
		F83FB1E51BDFC8AA00FBDCCA /* MoreViewController.swift */ = {isa = PBXFileReference; fileEncoding = 4; lastKnownFileType = sourcecode.swift; path = MoreViewController.swift; sourceTree = "<group>"; };
		F83FB1E61BDFC8AA00FBDCCA /* RecentChatViewController.swift */ = {isa = PBXFileReference; fileEncoding = 4; lastKnownFileType = sourcecode.swift; path = RecentChatViewController.swift; sourceTree = "<group>"; };
		F83FB1E71BDFC8AA00FBDCCA /* RosterTableViewController.swift */ = {isa = PBXFileReference; fileEncoding = 4; lastKnownFileType = sourcecode.swift; path = RosterTableViewController.swift; sourceTree = "<group>"; };
		F83FB20C1BDFC96F00FBDCCA /* Base */ = {isa = PBXFileReference; lastKnownFileType = file.storyboard; name = Base; path = Base.lproj/Main.storyboard; sourceTree = "<group>"; };
		F840B1081BF3CB5900E0FE89 /* GroupChatTitleView.swift */ = {isa = PBXFileReference; fileEncoding = 4; lastKnownFileType = sourcecode.swift; path = GroupChatTitleView.swift; sourceTree = "<group>"; };
		F84521911C062B600021427B /* MainViewController.swift */ = {isa = PBXFileReference; fileEncoding = 4; lastKnownFileType = sourcecode.swift; path = MainViewController.swift; sourceTree = "<group>"; };
		F84CB8F01BD78DD60054801F /* NotificationUtils.swift */ = {isa = PBXFileReference; fileEncoding = 4; lastKnownFileType = sourcecode.swift; path = NotificationUtils.swift; sourceTree = "<group>"; };
		F84FA11F1C01A06B0042CD99 /* Localize.swift */ = {isa = PBXFileReference; fileEncoding = 4; lastKnownFileType = sourcecode.swift; path = Localize.swift; sourceTree = "<group>"; };
		F84FA1251C01EBFE0042CD99 /* Base */ = {isa = PBXFileReference; lastKnownFileType = text.plist.strings; name = Base; path = Base.lproj/Localizable.strings; sourceTree = "<group>"; };
		F84FA1271C01EC0F0042CD99 /* en */ = {isa = PBXFileReference; lastKnownFileType = text.plist.strings; name = en; path = en.lproj/Localizable.strings; sourceTree = "<group>"; };
		F84FA1281C01EC2F0042CD99 /* ko */ = {isa = PBXFileReference; lastKnownFileType = text.plist.strings; name = ko; path = ko.lproj/Localizable.strings; sourceTree = "<group>"; };
		F84FA1291C02567C0042CD99 /* TransitionSegue.swift */ = {isa = PBXFileReference; fileEncoding = 4; lastKnownFileType = sourcecode.swift; path = TransitionSegue.swift; sourceTree = "<group>"; };
		F8524ADC1BFDA4F700671D32 /* TKTransitionSubmitButton.swift */ = {isa = PBXFileReference; fileEncoding = 4; lastKnownFileType = sourcecode.swift; path = TKTransitionSubmitButton.swift; sourceTree = "<group>"; };
		F863677E1BE6953E0075B08B /* SummonerDialogViewController.swift */ = {isa = PBXFileReference; fileEncoding = 4; lastKnownFileType = sourcecode.swift; path = SummonerDialogViewController.swift; sourceTree = "<group>"; };
		F86D4C741BCCF45C009E9083 /* RosterService.swift */ = {isa = PBXFileReference; fileEncoding = 4; lastKnownFileType = sourcecode.swift; path = RosterService.swift; sourceTree = "<group>"; };
		F8803C181BDB6C59005AC9CA /* NavigationUtils.swift */ = {isa = PBXFileReference; fileEncoding = 4; lastKnownFileType = sourcecode.swift; path = NavigationUtils.swift; sourceTree = "<group>"; };
		F885894F1BEDD6CE00B39BED /* RiotAPIClient.swift */ = {isa = PBXFileReference; fileEncoding = 4; lastKnownFileType = sourcecode.swift; path = RiotAPIClient.swift; sourceTree = "<group>"; };
		F88589671BEF30FA00B39BED /* Base */ = {isa = PBXFileReference; lastKnownFileType = file.storyboard; name = Base; path = Base.lproj/LaunchScreen.storyboard; sourceTree = "<group>"; };
		F88670A81C04043000F8B3E3 /* LeagueLocale.swift */ = {isa = PBXFileReference; fileEncoding = 4; lastKnownFileType = sourcecode.swift; path = LeagueLocale.swift; sourceTree = "<group>"; };
		F88676571BCF5F79006C6B6A /* RealmExtensions.swift */ = {isa = PBXFileReference; fileEncoding = 4; lastKnownFileType = sourcecode.swift; path = RealmExtensions.swift; sourceTree = "<group>"; };
		F88676591BCF6313006C6B6A /* ChatService.swift */ = {isa = PBXFileReference; fileEncoding = 4; lastKnownFileType = sourcecode.swift; path = ChatService.swift; sourceTree = "<group>"; };
		F8893D811BDCA97D0086DBED /* StoredProperties.swift */ = {isa = PBXFileReference; fileEncoding = 4; lastKnownFileType = sourcecode.swift; name = StoredProperties.swift; path = Utils/StoredProperties.swift; sourceTree = "<group>"; };
		F891A01E1BF20A840043DC62 /* Weak.swift */ = {isa = PBXFileReference; fileEncoding = 4; lastKnownFileType = sourcecode.swift; path = Weak.swift; sourceTree = "<group>"; };
		F894015D1BDFDAEA00635D36 /* LeagueChat.swift */ = {isa = PBXFileReference; fileEncoding = 4; lastKnownFileType = sourcecode.swift; path = LeagueChat.swift; sourceTree = "<group>"; };
		F894015E1BDFDAEA00635D36 /* LeagueMessage.swift */ = {isa = PBXFileReference; fileEncoding = 4; lastKnownFileType = sourcecode.swift; path = LeagueMessage.swift; sourceTree = "<group>"; };
		F894015F1BDFDAEA00635D36 /* LeagueRoster.swift */ = {isa = PBXFileReference; fileEncoding = 4; lastKnownFileType = sourcecode.swift; path = LeagueRoster.swift; sourceTree = "<group>"; };
		F89401601BDFDAEA00635D36 /* LeagueServer.swift */ = {isa = PBXFileReference; fileEncoding = 4; lastKnownFileType = sourcecode.swift; path = LeagueServer.swift; sourceTree = "<group>"; };
		F89401621BDFDAEA00635D36 /* ChatTableCell.swift */ = {isa = PBXFileReference; fileEncoding = 4; lastKnownFileType = sourcecode.swift; path = ChatTableCell.swift; sourceTree = "<group>"; };
		F89401631BDFDAEA00635D36 /* FloatLabelCell.swift */ = {isa = PBXFileReference; fileEncoding = 4; lastKnownFileType = sourcecode.swift; path = FloatLabelCell.swift; sourceTree = "<group>"; };
		F89401641BDFDAEA00635D36 /* FloatLabelTextField.swift */ = {isa = PBXFileReference; fileEncoding = 4; lastKnownFileType = sourcecode.swift; path = FloatLabelTextField.swift; sourceTree = "<group>"; };
		F89401651BDFDAEA00635D36 /* IconLabel.swift */ = {isa = PBXFileReference; fileEncoding = 4; lastKnownFileType = sourcecode.swift; path = IconLabel.swift; sourceTree = "<group>"; };
		F89401661BDFDAEA00635D36 /* RecentChatTableCell.swift */ = {isa = PBXFileReference; fileEncoding = 4; lastKnownFileType = sourcecode.swift; path = RecentChatTableCell.swift; sourceTree = "<group>"; };
		F89401671BDFDAEA00635D36 /* RosterTableCell.swift */ = {isa = PBXFileReference; fileEncoding = 4; lastKnownFileType = sourcecode.swift; path = RosterTableCell.swift; sourceTree = "<group>"; };
		F89401681BDFDAEA00635D36 /* YUTableView.swift */ = {isa = PBXFileReference; fileEncoding = 4; lastKnownFileType = sourcecode.swift; path = YUTableView.swift; sourceTree = "<group>"; };
		F89401691BDFDAEA00635D36 /* YUTableViewNode.swift */ = {isa = PBXFileReference; fileEncoding = 4; lastKnownFileType = sourcecode.swift; path = YUTableViewNode.swift; sourceTree = "<group>"; };
		F89AB8C41BE25E9400B4571D /* Banner.swift */ = {isa = PBXFileReference; fileEncoding = 4; lastKnownFileType = sourcecode.swift; path = Banner.swift; sourceTree = "<group>"; };
		F8A489071BC50E1C00D7409B /* MulticastDelegate.swift */ = {isa = PBXFileReference; fileEncoding = 4; lastKnownFileType = sourcecode.swift; path = MulticastDelegate.swift; sourceTree = "<group>"; };
		F8B55C5B1BB532FB005C759D /* Messenger for League of Legends.app */ = {isa = PBXFileReference; explicitFileType = wrapper.application; includeInIndex = 0; path = "Messenger for League of Legends.app"; sourceTree = BUILT_PRODUCTS_DIR; };
		F8B55C5E1BB532FB005C759D /* AppDelegate.swift */ = {isa = PBXFileReference; lastKnownFileType = sourcecode.swift; path = AppDelegate.swift; sourceTree = "<group>"; };
		F8B55C6D1BB532FB005C759D /* Info.plist */ = {isa = PBXFileReference; lastKnownFileType = text.plist.xml; path = Info.plist; sourceTree = "<group>"; };
		F8B55C721BB532FB005C759D /* LoLMessengerTests.xctest */ = {isa = PBXFileReference; explicitFileType = wrapper.cfbundle; includeInIndex = 0; path = LoLMessengerTests.xctest; sourceTree = BUILT_PRODUCTS_DIR; };
		F8B55C761BB532FB005C759D /* LoLMessengerTests.swift */ = {isa = PBXFileReference; lastKnownFileType = sourcecode.swift; path = LoLMessengerTests.swift; sourceTree = "<group>"; };
		F8B55C781BB532FB005C759D /* Info.plist */ = {isa = PBXFileReference; lastKnownFileType = text.plist.xml; path = Info.plist; sourceTree = "<group>"; };
		F8D63D0F1BEA38F000BB8DEB /* UIExtensions.swift */ = {isa = PBXFileReference; fileEncoding = 4; lastKnownFileType = sourcecode.swift; path = UIExtensions.swift; sourceTree = "<group>"; };
		F8E0CD5F1BFC32AD00E64FDF /* Assets.xcassets */ = {isa = PBXFileReference; lastKnownFileType = folder.assetcatalog; path = Assets.xcassets; sourceTree = "<group>"; };
		F8E0CD611BFC563E00E64FDF /* XMPPRoomLeagueRosterStorage.swift */ = {isa = PBXFileReference; fileEncoding = 4; lastKnownFileType = sourcecode.swift; name = XMPPRoomLeagueRosterStorage.swift; path = ../Core/XMPPRoomLeagueRosterStorage.swift; sourceTree = "<group>"; };
		F8E0CD631BFC67EF00E64FDF /* LeagueAssetManager.swift */ = {isa = PBXFileReference; fileEncoding = 4; lastKnownFileType = sourcecode.swift; path = LeagueAssetManager.swift; sourceTree = "<group>"; };
		F8E22BD01BBE5C1900C03773 /* StringExtenisions.swift */ = {isa = PBXFileReference; fileEncoding = 4; lastKnownFileType = sourcecode.swift; path = StringExtenisions.swift; sourceTree = "<group>"; };
		F8E22BD21BBE668700C03773 /* XMPPExtensions.swift */ = {isa = PBXFileReference; fileEncoding = 4; lastKnownFileType = sourcecode.swift; path = XMPPExtensions.swift; sourceTree = "<group>"; };
		F8E8C09F1BF0C55B00024462 /* DigestExtensions.swift */ = {isa = PBXFileReference; fileEncoding = 4; lastKnownFileType = sourcecode.swift; path = DigestExtensions.swift; sourceTree = "<group>"; };
		F8E8C0A11BF0C7A300024462 /* LoLMessenger-Bridging-Header.h */ = {isa = PBXFileReference; lastKnownFileType = sourcecode.c.h; path = "LoLMessenger-Bridging-Header.h"; sourceTree = "<group>"; };
		F8E8C0A41BF0EE2300024462 /* SideMenuController.swift */ = {isa = PBXFileReference; fileEncoding = 4; lastKnownFileType = sourcecode.swift; path = SideMenuController.swift; sourceTree = "<group>"; };
		F8E8C0A61BF1748900024462 /* ReconnectViewController.swift */ = {isa = PBXFileReference; fileEncoding = 4; lastKnownFileType = sourcecode.swift; path = ReconnectViewController.swift; sourceTree = "<group>"; };
/* End PBXFileReference section */

/* Begin PBXFrameworksBuildPhase section */
		F8B55C581BB532FB005C759D /* Frameworks */ = {
			isa = PBXFrameworksBuildPhase;
			buildActionMask = 2147483647;
			files = (
				F9E675E5A379D862BAA1C8FB /* Pods_LoLMessenger.framework in Frameworks */,
			);
			runOnlyForDeploymentPostprocessing = 0;
		};
		F8B55C6F1BB532FB005C759D /* Frameworks */ = {
			isa = PBXFrameworksBuildPhase;
			buildActionMask = 2147483647;
			files = (
			);
			runOnlyForDeploymentPostprocessing = 0;
		};
/* End PBXFrameworksBuildPhase section */

/* Begin PBXGroup section */
		1B9CE04F74350E72105E61A5 /* Utils */ = {
			isa = PBXGroup;
			children = (
				F8E0CD611BFC563E00E64FDF /* XMPPRoomLeagueRosterStorage.swift */,
				F8E0CD631BFC67EF00E64FDF /* LeagueAssetManager.swift */,
				F84FA11F1C01A06B0042CD99 /* Localize.swift */,
				F891A01E1BF20A840043DC62 /* Weak.swift */,
				1B9CEE337FAA5E2BE4A6D0DC /* Async.swift */,
				F8E22BD01BBE5C1900C03773 /* StringExtenisions.swift */,
				F8E8C09F1BF0C55B00024462 /* DigestExtensions.swift */,
				F8E22BD21BBE668700C03773 /* XMPPExtensions.swift */,
				F8A489071BC50E1C00D7409B /* MulticastDelegate.swift */,
				F88676571BCF5F79006C6B6A /* RealmExtensions.swift */,
				F80374461BD52EAB00B9266A /* DialogUtils.swift */,
				F84CB8F01BD78DD60054801F /* NotificationUtils.swift */,
				F8803C181BDB6C59005AC9CA /* NavigationUtils.swift */,
				F8D63D0F1BEA38F000BB8DEB /* UIExtensions.swift */,
				F822E50F1BF1ADFB00C45C8F /* PopupSegue.swift */,
				F84FA1291C02567C0042CD99 /* TransitionSegue.swift */,
			);
			path = Utils;
			sourceTree = "<group>";
		};
		1B9CEEE137174461372BD352 /* Core */ = {
			isa = PBXGroup;
			children = (
				1B9CE8C2FE02512F6F35A153 /* XMPPService.swift */,
				F86D4C741BCCF45C009E9083 /* RosterService.swift */,
				F88676591BCF6313006C6B6A /* ChatService.swift */,
				F885894F1BEDD6CE00B39BED /* RiotAPIClient.swift */,
			);
			path = Core;
			sourceTree = "<group>";
		};
		3BFDB9FB141EC361AC740B77 /* Pods */ = {
			isa = PBXGroup;
			children = (
				A8C4616684FFF044C582023E /* Pods-LoLMessenger.debug.xcconfig */,
				D0646A8FBEC4EA1E04044FDE /* Pods-LoLMessenger.release.xcconfig */,
				49A21C54AEC7E793FE451994 /* Pods-LoLMessengerTests.debug.xcconfig */,
				4AE9F9946202EDD8EE130054 /* Pods-LoLMessengerTests.release.xcconfig */,
			);
			name = Pods;
			sourceTree = "<group>";
		};
		AAFAC5B2C89C92C41BC931FD /* Frameworks */ = {
			isa = PBXGroup;
			children = (
				3028A8E268985713BD4AA7F3 /* Pods_LoLMessenger.framework */,
			);
			name = Frameworks;
			sourceTree = "<group>";
		};
		F83FB1E11BDFC8AA00FBDCCA /* Controller */ = {
			isa = PBXGroup;
			children = (
				F83FB1E31BDFC8AA00FBDCCA /* LoginViewController.swift */,
				F8E8C0A61BF1748900024462 /* ReconnectViewController.swift */,
				F84521911C062B600021427B /* MainViewController.swift */,
				F83FB1E41BDFC8AA00FBDCCA /* MainTabBarController.swift */,
				F83FB1E71BDFC8AA00FBDCCA /* RosterTableViewController.swift */,
				F83FB1E61BDFC8AA00FBDCCA /* RecentChatViewController.swift */,
				F83FB1E51BDFC8AA00FBDCCA /* MoreViewController.swift */,
				F83FB1E21BDFC8AA00FBDCCA /* ChatViewController.swift */,
				F822E50D1BF194A800C45C8F /* ChatOccupantViewController.swift */,
				F863677E1BE6953E0075B08B /* SummonerDialogViewController.swift */,
				F8E8C0A41BF0EE2300024462 /* SideMenuController.swift */,
			);
			path = Controller;
			sourceTree = "<group>";
		};
		F83FB20F1BDFC98F00FBDCCA /* Layout */ = {
			isa = PBXGroup;
			children = (
				F83FB20B1BDFC96F00FBDCCA /* Main.storyboard */,
				F88589661BEF30FA00B39BED /* LaunchScreen.storyboard */,
			);
			name = Layout;
			sourceTree = "<group>";
		};
		F894015C1BDFDAEA00635D36 /* Model */ = {
			isa = PBXGroup;
			children = (
				F894015D1BDFDAEA00635D36 /* LeagueChat.swift */,
				F894015E1BDFDAEA00635D36 /* LeagueMessage.swift */,
				F894015F1BDFDAEA00635D36 /* LeagueRoster.swift */,
				F89401601BDFDAEA00635D36 /* LeagueServer.swift */,
				F88670A81C04043000F8B3E3 /* LeagueLocale.swift */,
			);
			path = Model;
			sourceTree = "<group>";
		};
		F89401611BDFDAEA00635D36 /* View */ = {
			isa = PBXGroup;
			children = (
				F89401621BDFDAEA00635D36 /* ChatTableCell.swift */,
				F89401661BDFDAEA00635D36 /* RecentChatTableCell.swift */,
				F89401671BDFDAEA00635D36 /* RosterTableCell.swift */,
				F89401651BDFDAEA00635D36 /* IconLabel.swift */,
				F89401631BDFDAEA00635D36 /* FloatLabelCell.swift */,
				F89401641BDFDAEA00635D36 /* FloatLabelTextField.swift */,
				F89AB8C41BE25E9400B4571D /* Banner.swift */,
				F89401681BDFDAEA00635D36 /* YUTableView.swift */,
				F89401691BDFDAEA00635D36 /* YUTableViewNode.swift */,
				F840B1081BF3CB5900E0FE89 /* GroupChatTitleView.swift */,
				F8524ADC1BFDA4F700671D32 /* TKTransitionSubmitButton.swift */,
			);
			path = View;
			sourceTree = "<group>";
		};
		F8B55C521BB532FB005C759D = {
			isa = PBXGroup;
			children = (
				F8B55C5D1BB532FB005C759D /* LoLMessenger */,
				F8B55C751BB532FB005C759D /* LoLMessengerTests */,
				F8B55C5C1BB532FB005C759D /* Products */,
				3BFDB9FB141EC361AC740B77 /* Pods */,
				AAFAC5B2C89C92C41BC931FD /* Frameworks */,
			);
			sourceTree = "<group>";
		};
		F8B55C5C1BB532FB005C759D /* Products */ = {
			isa = PBXGroup;
			children = (
				F8B55C5B1BB532FB005C759D /* Messenger for League of Legends.app */,
				F8B55C721BB532FB005C759D /* LoLMessengerTests.xctest */,
			);
			name = Products;
			sourceTree = "<group>";
		};
		F8B55C5D1BB532FB005C759D /* LoLMessenger */ = {
			isa = PBXGroup;
			children = (
				F8E0CD5F1BFC32AD00E64FDF /* Assets.xcassets */,
				F8B55C6D1BB532FB005C759D /* Info.plist */,
				F84FA1241C01EBFE0042CD99 /* Localizable.strings */,
				F8E8C0A11BF0C7A300024462 /* LoLMessenger-Bridging-Header.h */,
				F8B55C5E1BB532FB005C759D /* AppDelegate.swift */,
				1B9CE1D4FB6A038AF2D7AAD6 /* Constants.swift */,
				F8893D811BDCA97D0086DBED /* StoredProperties.swift */,
				F80D2A6A1BE1F79E00459E96 /* Theme.swift */,
				F83FB20F1BDFC98F00FBDCCA /* Layout */,
				F894015C1BDFDAEA00635D36 /* Model */,
				F89401611BDFDAEA00635D36 /* View */,
				F83FB1E11BDFC8AA00FBDCCA /* Controller */,
				1B9CEEE137174461372BD352 /* Core */,
				1B9CE04F74350E72105E61A5 /* Utils */,
			);
			path = LoLMessenger;
			sourceTree = "<group>";
		};
		F8B55C751BB532FB005C759D /* LoLMessengerTests */ = {
			isa = PBXGroup;
			children = (
				F8B55C761BB532FB005C759D /* LoLMessengerTests.swift */,
				F8B55C781BB532FB005C759D /* Info.plist */,
			);
			path = LoLMessengerTests;
			sourceTree = "<group>";
		};
/* End PBXGroup section */

/* Begin PBXNativeTarget section */
		F8B55C5A1BB532FB005C759D /* LoLMessenger */ = {
			isa = PBXNativeTarget;
			buildConfigurationList = F8B55C7B1BB532FB005C759D /* Build configuration list for PBXNativeTarget "LoLMessenger" */;
			buildPhases = (
				52C16F6817960BC6752CD231 /* Check Pods Manifest.lock */,
				F8B55C571BB532FB005C759D /* Sources */,
				F8B55C581BB532FB005C759D /* Frameworks */,
				F8B55C591BB532FB005C759D /* Resources */,
				300D847C2130075082D83D3E /* Copy Pods Resources */,
				81C0403EBED60DDCA05DA7E8 /* Embed Pods Frameworks */,
				F8803C171BDB13D4005AC9CA /* Fabric Run Script */,
			);
			buildRules = (
			);
			dependencies = (
			);
			name = LoLMessenger;
			productName = LoLMessenger;
			productReference = F8B55C5B1BB532FB005C759D /* Messenger for League of Legends.app */;
			productType = "com.apple.product-type.application";
		};
		F8B55C711BB532FB005C759D /* LoLMessengerTests */ = {
			isa = PBXNativeTarget;
			buildConfigurationList = F8B55C7E1BB532FB005C759D /* Build configuration list for PBXNativeTarget "LoLMessengerTests" */;
			buildPhases = (
				2D9E6B952339090A70BC76EA /* Check Pods Manifest.lock */,
				F8B55C6E1BB532FB005C759D /* Sources */,
				F8B55C6F1BB532FB005C759D /* Frameworks */,
				F8B55C701BB532FB005C759D /* Resources */,
				6379CCAFC6FC4FB5FBA28E83 /* Copy Pods Resources */,
				D4C8550CB6381C6B0D49B754 /* Embed Pods Frameworks */,
			);
			buildRules = (
			);
			dependencies = (
				F8B55C741BB532FB005C759D /* PBXTargetDependency */,
			);
			name = LoLMessengerTests;
			productName = LoLMessengerTests;
			productReference = F8B55C721BB532FB005C759D /* LoLMessengerTests.xctest */;
			productType = "com.apple.product-type.bundle.unit-test";
		};
/* End PBXNativeTarget section */

/* Begin PBXProject section */
		F8B55C531BB532FB005C759D /* Project object */ = {
			isa = PBXProject;
			attributes = {
				LastUpgradeCheck = 0700;
				ORGANIZATIONNAME = rokoroku;
				TargetAttributes = {
					F8B55C5A1BB532FB005C759D = {
						CreatedOnToolsVersion = 7.0;
						DevelopmentTeam = UF6TGMLYES;
						SystemCapabilities = {
							com.apple.BackgroundModes = {
								enabled = 1;
							};
							com.apple.DataProtection = {
								enabled = 1;
							};
						};
					};
					F8B55C711BB532FB005C759D = {
						CreatedOnToolsVersion = 7.0;
						DevelopmentTeam = W643CL4AMD;
						TestTargetID = F8B55C5A1BB532FB005C759D;
					};
				};
			};
			buildConfigurationList = F8B55C561BB532FB005C759D /* Build configuration list for PBXProject "LoLMessenger" */;
			compatibilityVersion = "Xcode 3.2";
			developmentRegion = English;
			hasScannedForEncodings = 0;
			knownRegions = (
				en,
				Base,
				ko,
			);
			mainGroup = F8B55C521BB532FB005C759D;
			productRefGroup = F8B55C5C1BB532FB005C759D /* Products */;
			projectDirPath = "";
			projectRoot = "";
			targets = (
				F8B55C5A1BB532FB005C759D /* LoLMessenger */,
				F8B55C711BB532FB005C759D /* LoLMessengerTests */,
			);
		};
/* End PBXProject section */

/* Begin PBXResourcesBuildPhase section */
		F8B55C591BB532FB005C759D /* Resources */ = {
			isa = PBXResourcesBuildPhase;
			buildActionMask = 2147483647;
			files = (
				F88589681BEF30FA00B39BED /* LaunchScreen.storyboard in Resources */,
				F84FA1261C01EBFE0042CD99 /* Localizable.strings in Resources */,
				F8E0CD601BFC32AD00E64FDF /* Assets.xcassets in Resources */,
				F83FB20E1BDFC96F00FBDCCA /* Main.storyboard in Resources */,
			);
			runOnlyForDeploymentPostprocessing = 0;
		};
		F8B55C701BB532FB005C759D /* Resources */ = {
			isa = PBXResourcesBuildPhase;
			buildActionMask = 2147483647;
			files = (
			);
			runOnlyForDeploymentPostprocessing = 0;
		};
/* End PBXResourcesBuildPhase section */

/* Begin PBXShellScriptBuildPhase section */
		2D9E6B952339090A70BC76EA /* Check Pods Manifest.lock */ = {
			isa = PBXShellScriptBuildPhase;
			buildActionMask = 2147483647;
			files = (
			);
			inputPaths = (
			);
			name = "Check Pods Manifest.lock";
			outputPaths = (
			);
			runOnlyForDeploymentPostprocessing = 0;
			shellPath = /bin/sh;
			shellScript = "diff \"${PODS_ROOT}/../Podfile.lock\" \"${PODS_ROOT}/Manifest.lock\" > /dev/null\nif [[ $? != 0 ]] ; then\n    cat << EOM\nerror: The sandbox is not in sync with the Podfile.lock. Run 'pod install' or update your CocoaPods installation.\nEOM\n    exit 1\nfi\n";
			showEnvVarsInLog = 0;
		};
		300D847C2130075082D83D3E /* Copy Pods Resources */ = {
			isa = PBXShellScriptBuildPhase;
			buildActionMask = 2147483647;
			files = (
			);
			inputPaths = (
			);
			name = "Copy Pods Resources";
			outputPaths = (
			);
			runOnlyForDeploymentPostprocessing = 0;
			shellPath = /bin/sh;
			shellScript = "\"${SRCROOT}/Pods/Target Support Files/Pods-LoLMessenger/Pods-LoLMessenger-resources.sh\"\n";
			showEnvVarsInLog = 0;
		};
		52C16F6817960BC6752CD231 /* Check Pods Manifest.lock */ = {
			isa = PBXShellScriptBuildPhase;
			buildActionMask = 2147483647;
			files = (
			);
			inputPaths = (
			);
			name = "Check Pods Manifest.lock";
			outputPaths = (
			);
			runOnlyForDeploymentPostprocessing = 0;
			shellPath = /bin/sh;
			shellScript = "diff \"${PODS_ROOT}/../Podfile.lock\" \"${PODS_ROOT}/Manifest.lock\" > /dev/null\nif [[ $? != 0 ]] ; then\n    cat << EOM\nerror: The sandbox is not in sync with the Podfile.lock. Run 'pod install' or update your CocoaPods installation.\nEOM\n    exit 1\nfi\n";
			showEnvVarsInLog = 0;
		};
		6379CCAFC6FC4FB5FBA28E83 /* Copy Pods Resources */ = {
			isa = PBXShellScriptBuildPhase;
			buildActionMask = 2147483647;
			files = (
			);
			inputPaths = (
			);
			name = "Copy Pods Resources";
			outputPaths = (
			);
			runOnlyForDeploymentPostprocessing = 0;
			shellPath = /bin/sh;
			shellScript = "\"${SRCROOT}/Pods/Target Support Files/Pods-LoLMessengerTests/Pods-LoLMessengerTests-resources.sh\"\n";
			showEnvVarsInLog = 0;
		};
		81C0403EBED60DDCA05DA7E8 /* Embed Pods Frameworks */ = {
			isa = PBXShellScriptBuildPhase;
			buildActionMask = 2147483647;
			files = (
			);
			inputPaths = (
			);
			name = "Embed Pods Frameworks";
			outputPaths = (
			);
			runOnlyForDeploymentPostprocessing = 0;
			shellPath = /bin/sh;
			shellScript = "\"${SRCROOT}/Pods/Target Support Files/Pods-LoLMessenger/Pods-LoLMessenger-frameworks.sh\"\n";
			showEnvVarsInLog = 0;
		};
		D4C8550CB6381C6B0D49B754 /* Embed Pods Frameworks */ = {
			isa = PBXShellScriptBuildPhase;
			buildActionMask = 2147483647;
			files = (
			);
			inputPaths = (
			);
			name = "Embed Pods Frameworks";
			outputPaths = (
			);
			runOnlyForDeploymentPostprocessing = 0;
			shellPath = /bin/sh;
			shellScript = "\"${SRCROOT}/Pods/Target Support Files/Pods-LoLMessengerTests/Pods-LoLMessengerTests-frameworks.sh\"\n";
			showEnvVarsInLog = 0;
		};
		F8803C171BDB13D4005AC9CA /* Fabric Run Script */ = {
			isa = PBXShellScriptBuildPhase;
			buildActionMask = 2147483647;
			files = (
			);
			inputPaths = (
			);
			name = "Fabric Run Script";
			outputPaths = (
			);
			runOnlyForDeploymentPostprocessing = 0;
			shellPath = /bin/sh;
			shellScript = "\"${PODS_ROOT}/Fabric/Fabric.framework/run\" dd94aa1b9c3f5caa95114bce97b1a02d3b66c279 843bfbd2174487d87a20ebc573f94952c5bad485c3bf3d2dfb81981e04043a0e";
		};
/* End PBXShellScriptBuildPhase section */

/* Begin PBXSourcesBuildPhase section */
		F8B55C571BB532FB005C759D /* Sources */ = {
			isa = PBXSourcesBuildPhase;
			buildActionMask = 2147483647;
			files = (
				F83FB1ED1BDFC8AA00FBDCCA /* RosterTableViewController.swift in Sources */,
				F894016C1BDFDAEA00635D36 /* LeagueRoster.swift in Sources */,
				F822E5101BF1ADFB00C45C8F /* PopupSegue.swift in Sources */,
				F83FB1EA1BDFC8AA00FBDCCA /* MainTabBarController.swift in Sources */,
				F891A01F1BF20A840043DC62 /* Weak.swift in Sources */,
				F840B1091BF3CB5900E0FE89 /* GroupChatTitleView.swift in Sources */,
				F83FB1E91BDFC8AA00FBDCCA /* LoginViewController.swift in Sources */,
				F8893D821BDCA97D0086DBED /* StoredProperties.swift in Sources */,
				F8E22BD11BBE5C1900C03773 /* StringExtenisions.swift in Sources */,
				F8524ADD1BFDA4F700671D32 /* TKTransitionSubmitButton.swift in Sources */,
				F88670A91C04043000F8B3E3 /* LeagueLocale.swift in Sources */,
				F89401701BDFDAEA00635D36 /* FloatLabelTextField.swift in Sources */,
				F89401751BDFDAEA00635D36 /* YUTableViewNode.swift in Sources */,
				F8E8C0A01BF0C55B00024462 /* DigestExtensions.swift in Sources */,
				F80374471BD52EAB00B9266A /* DialogUtils.swift in Sources */,
				F894016D1BDFDAEA00635D36 /* LeagueServer.swift in Sources */,
				F894016A1BDFDAEA00635D36 /* LeagueChat.swift in Sources */,
				F894016E1BDFDAEA00635D36 /* ChatTableCell.swift in Sources */,
				F8E0CD621BFC563E00E64FDF /* XMPPRoomLeagueRosterStorage.swift in Sources */,
				F8E0CD641BFC67EF00E64FDF /* LeagueAssetManager.swift in Sources */,
				F8A489081BC50E1C00D7409B /* MulticastDelegate.swift in Sources */,
				F88676581BCF5F79006C6B6A /* RealmExtensions.swift in Sources */,
				F8E22BD31BBE668700C03773 /* XMPPExtensions.swift in Sources */,
				F84FA1201C01A06B0042CD99 /* Localize.swift in Sources */,
				F84521921C062B600021427B /* MainViewController.swift in Sources */,
				F8E8C0A71BF1748900024462 /* ReconnectViewController.swift in Sources */,
				F8E8C0A51BF0EE2300024462 /* SideMenuController.swift in Sources */,
				F894016B1BDFDAEA00635D36 /* LeagueMessage.swift in Sources */,
				F83FB1EB1BDFC8AA00FBDCCA /* MoreViewController.swift in Sources */,
				F8B55C5F1BB532FB005C759D /* AppDelegate.swift in Sources */,
				F84FA12A1C02567C0042CD99 /* TransitionSegue.swift in Sources */,
				F83FB1EC1BDFC8AA00FBDCCA /* RecentChatViewController.swift in Sources */,
				F886765A1BCF6313006C6B6A /* ChatService.swift in Sources */,
				F89401721BDFDAEA00635D36 /* RecentChatTableCell.swift in Sources */,
				F89401711BDFDAEA00635D36 /* IconLabel.swift in Sources */,
				F8803C191BDB6C59005AC9CA /* NavigationUtils.swift in Sources */,
				1B9CE608DDBFCDA8EE8E78B3 /* XMPPService.swift in Sources */,
				F89401741BDFDAEA00635D36 /* YUTableView.swift in Sources */,
				F84CB8F11BD78DD60054801F /* NotificationUtils.swift in Sources */,
				F894016F1BDFDAEA00635D36 /* FloatLabelCell.swift in Sources */,
				F822E50E1BF194A800C45C8F /* ChatOccupantViewController.swift in Sources */,
				F86D4C751BCCF45C009E9083 /* RosterService.swift in Sources */,
				1B9CEB293029B3CA00B2797C /* Async.swift in Sources */,
				F863677F1BE6953E0075B08B /* SummonerDialogViewController.swift in Sources */,
				F88589501BEDD6CE00B39BED /* RiotAPIClient.swift in Sources */,
				1B9CE3E8A357CD51DB730827 /* Constants.swift in Sources */,
				F83FB1E81BDFC8AA00FBDCCA /* ChatViewController.swift in Sources */,
				F89AB8C51BE25E9400B4571D /* Banner.swift in Sources */,
				F89401731BDFDAEA00635D36 /* RosterTableCell.swift in Sources */,
				F8D63D101BEA38F000BB8DEB /* UIExtensions.swift in Sources */,
				F80D2A6B1BE1F79E00459E96 /* Theme.swift in Sources */,
			);
			runOnlyForDeploymentPostprocessing = 0;
		};
		F8B55C6E1BB532FB005C759D /* Sources */ = {
			isa = PBXSourcesBuildPhase;
			buildActionMask = 2147483647;
			files = (
				F8B55C771BB532FB005C759D /* LoLMessengerTests.swift in Sources */,
			);
			runOnlyForDeploymentPostprocessing = 0;
		};
/* End PBXSourcesBuildPhase section */

/* Begin PBXTargetDependency section */
		F8B55C741BB532FB005C759D /* PBXTargetDependency */ = {
			isa = PBXTargetDependency;
			target = F8B55C5A1BB532FB005C759D /* LoLMessenger */;
			targetProxy = F8B55C731BB532FB005C759D /* PBXContainerItemProxy */;
		};
/* End PBXTargetDependency section */

/* Begin PBXVariantGroup section */
		F83FB20B1BDFC96F00FBDCCA /* Main.storyboard */ = {
			isa = PBXVariantGroup;
			children = (
				F83FB20C1BDFC96F00FBDCCA /* Base */,
			);
			name = Main.storyboard;
			sourceTree = "<group>";
		};
		F84FA1241C01EBFE0042CD99 /* Localizable.strings */ = {
			isa = PBXVariantGroup;
			children = (
				F84FA1251C01EBFE0042CD99 /* Base */,
				F84FA1271C01EC0F0042CD99 /* en */,
				F84FA1281C01EC2F0042CD99 /* ko */,
			);
			name = Localizable.strings;
			sourceTree = "<group>";
		};
		F88589661BEF30FA00B39BED /* LaunchScreen.storyboard */ = {
			isa = PBXVariantGroup;
			children = (
				F88589671BEF30FA00B39BED /* Base */,
			);
			name = LaunchScreen.storyboard;
			sourceTree = "<group>";
		};
/* End PBXVariantGroup section */

/* Begin XCBuildConfiguration section */
		F8B55C791BB532FB005C759D /* Debug */ = {
			isa = XCBuildConfiguration;
			buildSettings = {
				ALWAYS_SEARCH_USER_PATHS = NO;
				CLANG_CXX_LANGUAGE_STANDARD = "gnu++0x";
				CLANG_CXX_LIBRARY = "libc++";
				CLANG_ENABLE_MODULES = YES;
				CLANG_ENABLE_OBJC_ARC = YES;
				CLANG_WARN_BOOL_CONVERSION = YES;
				CLANG_WARN_CONSTANT_CONVERSION = YES;
				CLANG_WARN_DIRECT_OBJC_ISA_USAGE = YES_ERROR;
				CLANG_WARN_EMPTY_BODY = YES;
				CLANG_WARN_ENUM_CONVERSION = YES;
				CLANG_WARN_INT_CONVERSION = YES;
				CLANG_WARN_OBJC_ROOT_CLASS = YES_ERROR;
				CLANG_WARN_UNREACHABLE_CODE = YES;
				CLANG_WARN__DUPLICATE_METHOD_MATCH = YES;
				"CODE_SIGN_IDENTITY[sdk=iphoneos*]" = "iPhone Developer";
				COPY_PHASE_STRIP = NO;
				DEBUG_INFORMATION_FORMAT = "dwarf-with-dsym";
				ENABLE_STRICT_OBJC_MSGSEND = YES;
				ENABLE_TESTABILITY = YES;
				GCC_C_LANGUAGE_STANDARD = gnu99;
				GCC_DYNAMIC_NO_PIC = NO;
				GCC_NO_COMMON_BLOCKS = YES;
				GCC_OPTIMIZATION_LEVEL = 0;
				GCC_PREPROCESSOR_DEFINITIONS = (
					"DEBUG=1",
					"$(inherited)",
				);
				GCC_WARN_64_TO_32_BIT_CONVERSION = YES;
				GCC_WARN_ABOUT_RETURN_TYPE = YES_ERROR;
				GCC_WARN_UNDECLARED_SELECTOR = YES;
				GCC_WARN_UNINITIALIZED_AUTOS = YES_AGGRESSIVE;
				GCC_WARN_UNUSED_FUNCTION = YES;
				GCC_WARN_UNUSED_VARIABLE = YES;
				IPHONEOS_DEPLOYMENT_TARGET = 8.0;
				MTL_ENABLE_DEBUG_INFO = YES;
				ONLY_ACTIVE_ARCH = YES;
				OTHER_SWIFT_FLAGS = "-D DEBUG";
				SDKROOT = iphoneos;
				SWIFT_OPTIMIZATION_LEVEL = "-Onone";
				TARGETED_DEVICE_FAMILY = "1,2";
				VALID_ARCHS = "arm64 armv7";
			};
			name = Debug;
		};
		F8B55C7A1BB532FB005C759D /* Release */ = {
			isa = XCBuildConfiguration;
			buildSettings = {
				ALWAYS_SEARCH_USER_PATHS = NO;
				CLANG_CXX_LANGUAGE_STANDARD = "gnu++0x";
				CLANG_CXX_LIBRARY = "libc++";
				CLANG_ENABLE_MODULES = YES;
				CLANG_ENABLE_OBJC_ARC = YES;
				CLANG_WARN_BOOL_CONVERSION = YES;
				CLANG_WARN_CONSTANT_CONVERSION = YES;
				CLANG_WARN_DIRECT_OBJC_ISA_USAGE = YES_ERROR;
				CLANG_WARN_EMPTY_BODY = YES;
				CLANG_WARN_ENUM_CONVERSION = YES;
				CLANG_WARN_INT_CONVERSION = YES;
				CLANG_WARN_OBJC_ROOT_CLASS = YES_ERROR;
				CLANG_WARN_UNREACHABLE_CODE = YES;
				CLANG_WARN__DUPLICATE_METHOD_MATCH = YES;
				"CODE_SIGN_IDENTITY[sdk=iphoneos*]" = "iPhone Developer";
				COPY_PHASE_STRIP = NO;
				DEBUG_INFORMATION_FORMAT = "dwarf-with-dsym";
				ENABLE_NS_ASSERTIONS = NO;
				ENABLE_STRICT_OBJC_MSGSEND = YES;
				GCC_C_LANGUAGE_STANDARD = gnu99;
				GCC_NO_COMMON_BLOCKS = YES;
				GCC_WARN_64_TO_32_BIT_CONVERSION = YES;
				GCC_WARN_ABOUT_RETURN_TYPE = YES_ERROR;
				GCC_WARN_UNDECLARED_SELECTOR = YES;
				GCC_WARN_UNINITIALIZED_AUTOS = YES_AGGRESSIVE;
				GCC_WARN_UNUSED_FUNCTION = YES;
				GCC_WARN_UNUSED_VARIABLE = YES;
				IPHONEOS_DEPLOYMENT_TARGET = 8.0;
				MTL_ENABLE_DEBUG_INFO = NO;
				SDKROOT = iphoneos;
				TARGETED_DEVICE_FAMILY = "1,2";
				VALIDATE_PRODUCT = YES;
				VALID_ARCHS = "arm64 armv7";
			};
			name = Release;
		};
		F8B55C7C1BB532FB005C759D /* Debug */ = {
			isa = XCBuildConfiguration;
			baseConfigurationReference = A8C4616684FFF044C582023E /* Pods-LoLMessenger.debug.xcconfig */;
			buildSettings = {
				ASSETCATALOG_COMPILER_APPICON_NAME = AppIcon;
				CODE_SIGN_IDENTITY = "iPhone Developer";
				"CODE_SIGN_IDENTITY[sdk=iphoneos*]" = "iPhone Developer";
				COMPRESS_PNG_FILES = NO;
				DEBUG_INFORMATION_FORMAT = "dwarf-with-dsym";
				ENABLE_BITCODE = NO;
				INFOPLIST_FILE = LoLMessenger/Info.plist;
				LD_RUNPATH_SEARCH_PATHS = "$(inherited) @executable_path/Frameworks";
				OTHER_SWIFT_FLAGS = "$(inherited)";
				PRODUCT_BUNDLE_IDENTIFIER = kr.rokoroku.lolmessenger1;
				PRODUCT_NAME = "Messenger for League of Legends";
				PROVISIONING_PROFILE = "";
				STRIP_PNG_TEXT = YES;
				SWIFT_OBJC_BRIDGING_HEADER = "LoLMessenger/LoLMessenger-Bridging-Header.h";
				VALID_ARCHS = "arm64 armv7";
			};
			name = Debug;
		};
		F8B55C7D1BB532FB005C759D /* Release */ = {
			isa = XCBuildConfiguration;
			baseConfigurationReference = D0646A8FBEC4EA1E04044FDE /* Pods-LoLMessenger.release.xcconfig */;
			buildSettings = {
				ASSETCATALOG_COMPILER_APPICON_NAME = AppIcon;
				CODE_SIGN_IDENTITY = "iPhone Developer";
				"CODE_SIGN_IDENTITY[sdk=iphoneos*]" = "iPhone Developer";
				COMPRESS_PNG_FILES = NO;
				DEBUG_INFORMATION_FORMAT = "dwarf-with-dsym";
				ENABLE_BITCODE = NO;
				INFOPLIST_FILE = LoLMessenger/Info.plist;
				LD_RUNPATH_SEARCH_PATHS = "$(inherited) @executable_path/Frameworks";
				PRODUCT_BUNDLE_IDENTIFIER = kr.rokoroku.lolmessenger1;
				PRODUCT_NAME = "Messenger for League of Legends";
				PROVISIONING_PROFILE = "";
				STRIP_PNG_TEXT = YES;
				SWIFT_OBJC_BRIDGING_HEADER = "LoLMessenger/LoLMessenger-Bridging-Header.h";
				VALID_ARCHS = "arm64 armv7";
			};
			name = Release;
		};
		F8B55C7F1BB532FB005C759D /* Debug */ = {
			isa = XCBuildConfiguration;
			baseConfigurationReference = 49A21C54AEC7E793FE451994 /* Pods-LoLMessengerTests.debug.xcconfig */;
			buildSettings = {
				BUNDLE_LOADER = "$(TEST_HOST)";
				INFOPLIST_FILE = LoLMessengerTests/Info.plist;
				LD_RUNPATH_SEARCH_PATHS = "$(inherited) @executable_path/Frameworks @loader_path/Frameworks";
				PRODUCT_BUNDLE_IDENTIFIER = kr.rokoroku.LoLMessengerTests;
				PRODUCT_NAME = "$(TARGET_NAME)";
				TEST_HOST = "$(BUILT_PRODUCTS_DIR)/LoLMessenger.app/LoLMessenger";
			};
			name = Debug;
		};
		F8B55C801BB532FB005C759D /* Release */ = {
			isa = XCBuildConfiguration;
			baseConfigurationReference = 4AE9F9946202EDD8EE130054 /* Pods-LoLMessengerTests.release.xcconfig */;
			buildSettings = {
				BUNDLE_LOADER = "$(TEST_HOST)";
				INFOPLIST_FILE = LoLMessengerTests/Info.plist;
				LD_RUNPATH_SEARCH_PATHS = "$(inherited) @executable_path/Frameworks @loader_path/Frameworks";
				PRODUCT_BUNDLE_IDENTIFIER = kr.rokoroku.LoLMessengerTests;
				PRODUCT_NAME = "$(TARGET_NAME)";
				TEST_HOST = "$(BUILT_PRODUCTS_DIR)/LoLMessenger.app/LoLMessenger";
			};
			name = Release;
		};
/* End XCBuildConfiguration section */

/* Begin XCConfigurationList section */
		F8B55C561BB532FB005C759D /* Build configuration list for PBXProject "LoLMessenger" */ = {
			isa = XCConfigurationList;
			buildConfigurations = (
				F8B55C791BB532FB005C759D /* Debug */,
				F8B55C7A1BB532FB005C759D /* Release */,
			);
			defaultConfigurationIsVisible = 0;
			defaultConfigurationName = Release;
		};
		F8B55C7B1BB532FB005C759D /* Build configuration list for PBXNativeTarget "LoLMessenger" */ = {
			isa = XCConfigurationList;
			buildConfigurations = (
				F8B55C7C1BB532FB005C759D /* Debug */,
				F8B55C7D1BB532FB005C759D /* Release */,
			);
			defaultConfigurationIsVisible = 0;
			defaultConfigurationName = Release;
		};
		F8B55C7E1BB532FB005C759D /* Build configuration list for PBXNativeTarget "LoLMessengerTests" */ = {
			isa = XCConfigurationList;
			buildConfigurations = (
				F8B55C7F1BB532FB005C759D /* Debug */,
				F8B55C801BB532FB005C759D /* Release */,
			);
			defaultConfigurationIsVisible = 0;
			defaultConfigurationName = Release;
		};
/* End XCConfigurationList section */
	};
	rootObject = F8B55C531BB532FB005C759D /* Project object */;
}
